// !$*UTF8*$!
{
	archiveVersion = 1;
	classes = {
	};
	objectVersion = 56;
	objects = {

/* Begin PBXBuildFile section */
		FF8248122932679D0048BDE6 /* AppDelegate.swift in Sources */ = {isa = PBXBuildFile; fileRef = FF8248112932679D0048BDE6 /* AppDelegate.swift */; };
		FF8248142932679D0048BDE6 /* SceneDelegate.swift in Sources */ = {isa = PBXBuildFile; fileRef = FF8248132932679D0048BDE6 /* SceneDelegate.swift */; };
		FF8248162932679D0048BDE6 /* ViewController.swift in Sources */ = {isa = PBXBuildFile; fileRef = FF8248152932679D0048BDE6 /* ViewController.swift */; };
		FF8248192932679D0048BDE6 /* Main.storyboard in Resources */ = {isa = PBXBuildFile; fileRef = FF8248172932679D0048BDE6 /* Main.storyboard */; };
		FF82481B2932679F0048BDE6 /* Assets.xcassets in Resources */ = {isa = PBXBuildFile; fileRef = FF82481A2932679F0048BDE6 /* Assets.xcassets */; };
		FF82481E2932679F0048BDE6 /* LaunchScreen.storyboard in Resources */ = {isa = PBXBuildFile; fileRef = FF82481C2932679F0048BDE6 /* LaunchScreen.storyboard */; };
		FF824828293268D90048BDE6 /* KeyboardViewController.swift in Sources */ = {isa = PBXBuildFile; fileRef = FF824827293268D90048BDE6 /* KeyboardViewController.swift */; };
		FF82482A293268EF0048BDE6 /* BoardViewController.swift in Sources */ = {isa = PBXBuildFile; fileRef = FF824829293268EF0048BDE6 /* BoardViewController.swift */; };
		FF82483329366DE00048BDE6 /* KeyCollectionViewCell.swift in Sources */ = {isa = PBXBuildFile; fileRef = FF82483229366DE00048BDE6 /* KeyCollectionViewCell.swift */; };
/* End PBXBuildFile section */

/* Begin PBXFileReference section */
		FF82480E2932679D0048BDE6 /* Wordle-Clone.App.app */ = {isa = PBXFileReference; explicitFileType = wrapper.application; includeInIndex = 0; path = "Wordle-Clone.App.app"; sourceTree = BUILT_PRODUCTS_DIR; };
		FF8248112932679D0048BDE6 /* AppDelegate.swift */ = {isa = PBXFileReference; lastKnownFileType = sourcecode.swift; path = AppDelegate.swift; sourceTree = "<group>"; };
		FF8248132932679D0048BDE6 /* SceneDelegate.swift */ = {isa = PBXFileReference; lastKnownFileType = sourcecode.swift; path = SceneDelegate.swift; sourceTree = "<group>"; };
		FF8248152932679D0048BDE6 /* ViewController.swift */ = {isa = PBXFileReference; lastKnownFileType = sourcecode.swift; path = ViewController.swift; sourceTree = "<group>"; };
		FF8248182932679D0048BDE6 /* Base */ = {isa = PBXFileReference; lastKnownFileType = file.storyboard; name = Base; path = Base.lproj/Main.storyboard; sourceTree = "<group>"; };
		FF82481A2932679F0048BDE6 /* Assets.xcassets */ = {isa = PBXFileReference; lastKnownFileType = folder.assetcatalog; path = Assets.xcassets; sourceTree = "<group>"; };
		FF82481D2932679F0048BDE6 /* Base */ = {isa = PBXFileReference; lastKnownFileType = file.storyboard; name = Base; path = Base.lproj/LaunchScreen.storyboard; sourceTree = "<group>"; };
		FF82481F2932679F0048BDE6 /* Info.plist */ = {isa = PBXFileReference; lastKnownFileType = text.plist.xml; path = Info.plist; sourceTree = "<group>"; };
		FF824827293268D90048BDE6 /* KeyboardViewController.swift */ = {isa = PBXFileReference; lastKnownFileType = sourcecode.swift; path = KeyboardViewController.swift; sourceTree = "<group>"; };
		FF824829293268EF0048BDE6 /* BoardViewController.swift */ = {isa = PBXFileReference; lastKnownFileType = sourcecode.swift; path = BoardViewController.swift; sourceTree = "<group>"; };
		FF82483229366DE00048BDE6 /* KeyCollectionViewCell.swift */ = {isa = PBXFileReference; lastKnownFileType = sourcecode.swift; path = KeyCollectionViewCell.swift; sourceTree = "<group>"; };
/* End PBXFileReference section */

/* Begin PBXFrameworksBuildPhase section */
		FF82480B2932679D0048BDE6 /* Frameworks */ = {
			isa = PBXFrameworksBuildPhase;
			buildActionMask = 2147483647;
			files = (
			);
			runOnlyForDeploymentPostprocessing = 0;
		};
/* End PBXFrameworksBuildPhase section */

/* Begin PBXGroup section */
		FF8248052932679D0048BDE6 = {
			isa = PBXGroup;
			children = (
				FF8248102932679D0048BDE6 /* Wordle-Clone.App */,
				FF82480F2932679D0048BDE6 /* Products */,
			);
			sourceTree = "<group>";
		};
		FF82480F2932679D0048BDE6 /* Products */ = {
			isa = PBXGroup;
			children = (
				FF82480E2932679D0048BDE6 /* Wordle-Clone.App.app */,
			);
			name = Products;
			sourceTree = "<group>";
		};
		FF8248102932679D0048BDE6 /* Wordle-Clone.App */ = {
			isa = PBXGroup;
			children = (
				FF8248262932687F0048BDE6 /* Other */,
				FF824825293268750048BDE6 /* Core */,
				FF82481F2932679F0048BDE6 /* Info.plist */,
			);
			path = "Wordle-Clone.App";
			sourceTree = "<group>";
		};
		FF824825293268750048BDE6 /* Core */ = {
			isa = PBXGroup;
			children = (
				FF8248152932679D0048BDE6 /* ViewController.swift */,
				FF824827293268D90048BDE6 /* KeyboardViewController.swift */,
				FF824829293268EF0048BDE6 /* BoardViewController.swift */,
				FF82483229366DE00048BDE6 /* KeyCollectionViewCell.swift */,
			);
			path = Core;
			sourceTree = "<group>";
		};
		FF8248262932687F0048BDE6 /* Other */ = {
			isa = PBXGroup;
			children = (
				FF8248112932679D0048BDE6 /* AppDelegate.swift */,
				FF8248132932679D0048BDE6 /* SceneDelegate.swift */,
				FF8248172932679D0048BDE6 /* Main.storyboard */,
				FF82481A2932679F0048BDE6 /* Assets.xcassets */,
				FF82481C2932679F0048BDE6 /* LaunchScreen.storyboard */,
			);
			path = Other;
			sourceTree = "<group>";
		};
/* End PBXGroup section */

/* Begin PBXNativeTarget section */
		FF82480D2932679D0048BDE6 /* Wordle-Clone.App */ = {
			isa = PBXNativeTarget;
			buildConfigurationList = FF8248222932679F0048BDE6 /* Build configuration list for PBXNativeTarget "Wordle-Clone.App" */;
			buildPhases = (
				FF82480A2932679D0048BDE6 /* Sources */,
				FF82480B2932679D0048BDE6 /* Frameworks */,
				FF82480C2932679D0048BDE6 /* Resources */,
			);
			buildRules = (
			);
			dependencies = (
			);
			name = "Wordle-Clone.App";
			productName = "Wordle-Clone.App";
			productReference = FF82480E2932679D0048BDE6 /* Wordle-Clone.App.app */;
			productType = "com.apple.product-type.application";
		};
/* End PBXNativeTarget section */

/* Begin PBXProject section */
		FF8248062932679D0048BDE6 /* Project object */ = {
			isa = PBXProject;
			attributes = {
				BuildIndependentTargetsInParallel = 1;
				LastSwiftUpdateCheck = 1410;
				LastUpgradeCheck = 1410;
				TargetAttributes = {
					FF82480D2932679D0048BDE6 = {
						CreatedOnToolsVersion = 14.1;
					};
				};
			};
			buildConfigurationList = FF8248092932679D0048BDE6 /* Build configuration list for PBXProject "Wordle-Clone.App" */;
			compatibilityVersion = "Xcode 14.0";
			developmentRegion = en;
			hasScannedForEncodings = 0;
			knownRegions = (
				en,
				Base,
			);
			mainGroup = FF8248052932679D0048BDE6;
			productRefGroup = FF82480F2932679D0048BDE6 /* Products */;
			projectDirPath = "";
			projectRoot = "";
			targets = (
				FF82480D2932679D0048BDE6 /* Wordle-Clone.App */,
			);
		};
/* End PBXProject section */

/* Begin PBXResourcesBuildPhase section */
		FF82480C2932679D0048BDE6 /* Resources */ = {
			isa = PBXResourcesBuildPhase;
			buildActionMask = 2147483647;
			files = (
				FF82481E2932679F0048BDE6 /* LaunchScreen.storyboard in Resources */,
				FF82481B2932679F0048BDE6 /* Assets.xcassets in Resources */,
				FF8248192932679D0048BDE6 /* Main.storyboard in Resources */,
			);
			runOnlyForDeploymentPostprocessing = 0;
		};
/* End PBXResourcesBuildPhase section */

/* Begin PBXSourcesBuildPhase section */
		FF82480A2932679D0048BDE6 /* Sources */ = {
			isa = PBXSourcesBuildPhase;
			buildActionMask = 2147483647;
			files = (
				FF8248162932679D0048BDE6 /* ViewController.swift in Sources */,
				FF8248122932679D0048BDE6 /* AppDelegate.swift in Sources */,
				FF82483329366DE00048BDE6 /* KeyCollectionViewCell.swift in Sources */,
				FF8248142932679D0048BDE6 /* SceneDelegate.swift in Sources */,
				FF824828293268D90048BDE6 /* KeyboardViewController.swift in Sources */,
				FF82482A293268EF0048BDE6 /* BoardViewController.swift in Sources */,
			);
			runOnlyForDeploymentPostprocessing = 0;
		};
/* End PBXSourcesBuildPhase section */

/* Begin PBXVariantGroup section */
		FF8248172932679D0048BDE6 /* Main.storyboard */ = {
			isa = PBXVariantGroup;
			children = (
				FF8248182932679D0048BDE6 /* Base */,
			);
			name = Main.storyboard;
			sourceTree = "<group>";
		};
		FF82481C2932679F0048BDE6 /* LaunchScreen.storyboard */ = {
			isa = PBXVariantGroup;
			children = (
				FF82481D2932679F0048BDE6 /* Base */,
			);
			name = LaunchScreen.storyboard;
			sourceTree = "<group>";
		};
/* End PBXVariantGroup section */

/* Begin XCBuildConfiguration section */
		FF8248202932679F0048BDE6 /* Debug */ = {
			isa = XCBuildConfiguration;
			buildSettings = {
				ALWAYS_SEARCH_USER_PATHS = NO;
				CLANG_ANALYZER_NONNULL = YES;
				CLANG_ANALYZER_NUMBER_OBJECT_CONVERSION = YES_AGGRESSIVE;
				CLANG_CXX_LANGUAGE_STANDARD = "gnu++20";
				CLANG_ENABLE_MODULES = YES;
				CLANG_ENABLE_OBJC_ARC = YES;
				CLANG_ENABLE_OBJC_WEAK = YES;
				CLANG_WARN_BLOCK_CAPTURE_AUTORELEASING = YES;
				CLANG_WARN_BOOL_CONVERSION = YES;
				CLANG_WARN_COMMA = YES;
				CLANG_WARN_CONSTANT_CONVERSION = YES;
				CLANG_WARN_DEPRECATED_OBJC_IMPLEMENTATIONS = YES;
				CLANG_WARN_DIRECT_OBJC_ISA_USAGE = YES_ERROR;
				CLANG_WARN_DOCUMENTATION_COMMENTS = YES;
				CLANG_WARN_EMPTY_BODY = YES;
				CLANG_WARN_ENUM_CONVERSION = YES;
				CLANG_WARN_INFINITE_RECURSION = YES;
				CLANG_WARN_INT_CONVERSION = YES;
				CLANG_WARN_NON_LITERAL_NULL_CONVERSION = YES;
				CLANG_WARN_OBJC_IMPLICIT_RETAIN_SELF = YES;
				CLANG_WARN_OBJC_LITERAL_CONVERSION = YES;
				CLANG_WARN_OBJC_ROOT_CLASS = YES_ERROR;
				CLANG_WARN_QUOTED_INCLUDE_IN_FRAMEWORK_HEADER = YES;
				CLANG_WARN_RANGE_LOOP_ANALYSIS = YES;
				CLANG_WARN_STRICT_PROTOTYPES = YES;
				CLANG_WARN_SUSPICIOUS_MOVE = YES;
				CLANG_WARN_UNGUARDED_AVAILABILITY = YES_AGGRESSIVE;
				CLANG_WARN_UNREACHABLE_CODE = YES;
				CLANG_WARN__DUPLICATE_METHOD_MATCH = YES;
				COPY_PHASE_STRIP = NO;
				DEBUG_INFORMATION_FORMAT = dwarf;
				ENABLE_STRICT_OBJC_MSGSEND = YES;
				ENABLE_TESTABILITY = YES;
				GCC_C_LANGUAGE_STANDARD = gnu11;
				GCC_DYNAMIC_NO_PIC = NO;
				GCC_NO_COMMON_BLOCKS = YES;
				GCC_OPTIMIZATION_LEVEL = 0;
				GCC_PREPROCESSOR_DEFINITIONS = (
					"DEBUG=1",
					"$(inherited)",
				);
				GCC_WARN_64_TO_32_BIT_CONVERSION = YES;
				GCC_WARN_ABOUT_RETURN_TYPE = YES_ERROR;
				GCC_WARN_UNDECLARED_SELECTOR = YES;
				GCC_WARN_UNINITIALIZED_AUTOS = YES_AGGRESSIVE;
				GCC_WARN_UNUSED_FUNCTION = YES;
				GCC_WARN_UNUSED_VARIABLE = YES;
				IPHONEOS_DEPLOYMENT_TARGET = 16.1;
				MTL_ENABLE_DEBUG_INFO = INCLUDE_SOURCE;
				MTL_FAST_MATH = YES;
				ONLY_ACTIVE_ARCH = YES;
				SDKROOT = iphoneos;
				SWIFT_ACTIVE_COMPILATION_CONDITIONS = DEBUG;
				SWIFT_OPTIMIZATION_LEVEL = "-Onone";
			};
			name = Debug;
		};
		FF8248212932679F0048BDE6 /* Release */ = {
			isa = XCBuildConfiguration;
			buildSettings = {
				ALWAYS_SEARCH_USER_PATHS = NO;
				CLANG_ANALYZER_NONNULL = YES;
				CLANG_ANALYZER_NUMBER_OBJECT_CONVERSION = YES_AGGRESSIVE;
				CLANG_CXX_LANGUAGE_STANDARD = "gnu++20";
				CLANG_ENABLE_MODULES = YES;
				CLANG_ENABLE_OBJC_ARC = YES;
				CLANG_ENABLE_OBJC_WEAK = YES;
				CLANG_WARN_BLOCK_CAPTURE_AUTORELEASING = YES;
				CLANG_WARN_BOOL_CONVERSION = YES;
				CLANG_WARN_COMMA = YES;
				CLANG_WARN_CONSTANT_CONVERSION = YES;
				CLANG_WARN_DEPRECATED_OBJC_IMPLEMENTATIONS = YES;
				CLANG_WARN_DIRECT_OBJC_ISA_USAGE = YES_ERROR;
				CLANG_WARN_DOCUMENTATION_COMMENTS = YES;
				CLANG_WARN_EMPTY_BODY = YES;
				CLANG_WARN_ENUM_CONVERSION = YES;
				CLANG_WARN_INFINITE_RECURSION = YES;
				CLANG_WARN_INT_CONVERSION = YES;
				CLANG_WARN_NON_LITERAL_NULL_CONVERSION = YES;
				CLANG_WARN_OBJC_IMPLICIT_RETAIN_SELF = YES;
				CLANG_WARN_OBJC_LITERAL_CONVERSION = YES;
				CLANG_WARN_OBJC_ROOT_CLASS = YES_ERROR;
				CLANG_WARN_QUOTED_INCLUDE_IN_FRAMEWORK_HEADER = YES;
				CLANG_WARN_RANGE_LOOP_ANALYSIS = YES;
				CLANG_WARN_STRICT_PROTOTYPES = YES;
				CLANG_WARN_SUSPICIOUS_MOVE = YES;
				CLANG_WARN_UNGUARDED_AVAILABILITY = YES_AGGRESSIVE;
				CLANG_WARN_UNREACHABLE_CODE = YES;
				CLANG_WARN__DUPLICATE_METHOD_MATCH = YES;
				COPY_PHASE_STRIP = NO;
				DEBUG_INFORMATION_FORMAT = "dwarf-with-dsym";
				ENABLE_NS_ASSERTIONS = NO;
				ENABLE_STRICT_OBJC_MSGSEND = YES;
				GCC_C_LANGUAGE_STANDARD = gnu11;
				GCC_NO_COMMON_BLOCKS = YES;
				GCC_WARN_64_TO_32_BIT_CONVERSION = YES;
				GCC_WARN_ABOUT_RETURN_TYPE = YES_ERROR;
				GCC_WARN_UNDECLARED_SELECTOR = YES;
				GCC_WARN_UNINITIALIZED_AUTOS = YES_AGGRESSIVE;
				GCC_WARN_UNUSED_FUNCTION = YES;
				GCC_WARN_UNUSED_VARIABLE = YES;
				IPHONEOS_DEPLOYMENT_TARGET = 16.1;
				MTL_ENABLE_DEBUG_INFO = NO;
				MTL_FAST_MATH = YES;
				SDKROOT = iphoneos;
				SWIFT_COMPILATION_MODE = wholemodule;
				SWIFT_OPTIMIZATION_LEVEL = "-O";
				VALIDATE_PRODUCT = YES;
			};
			name = Release;
		};
		FF8248232932679F0048BDE6 /* Debug */ = {
			isa = XCBuildConfiguration;
			buildSettings = {
				ASSETCATALOG_COMPILER_APPICON_NAME = AppIcon;
				ASSETCATALOG_COMPILER_GLOBAL_ACCENT_COLOR_NAME = AccentColor;
				CODE_SIGN_STYLE = Automatic;
				CURRENT_PROJECT_VERSION = 1;
				DEVELOPMENT_TEAM = 8BB94GY59F;
				GENERATE_INFOPLIST_FILE = YES;
				INFOPLIST_FILE = "Wordle-Clone.App/Info.plist";
				INFOPLIST_KEY_UIApplicationSupportsIndirectInputEvents = YES;
				INFOPLIST_KEY_UILaunchStoryboardName = LaunchScreen;
				INFOPLIST_KEY_UIMainStoryboardFile = Main;
				INFOPLIST_KEY_UISupportedInterfaceOrientations_iPad = "UIInterfaceOrientationPortrait UIInterfaceOrientationPortraitUpsideDown UIInterfaceOrientationLandscapeLeft UIInterfaceOrientationLandscapeRight";
				INFOPLIST_KEY_UISupportedInterfaceOrientations_iPhone = "UIInterfaceOrientationPortrait UIInterfaceOrientationLandscapeLeft UIInterfaceOrientationLandscapeRight";
				LD_RUNPATH_SEARCH_PATHS = (
					"$(inherited)",
					"@executable_path/Frameworks",
				);
				MARKETING_VERSION = 1.0;
				PRODUCT_BUNDLE_IDENTIFIER = "com.DmitriiSkvortsov.Wordle-Clone-App";
				PRODUCT_NAME = "$(TARGET_NAME)";
				SWIFT_EMIT_LOC_STRINGS = YES;
				SWIFT_VERSION = 5.0;
				TARGETED_DEVICE_FAMILY = "1,2";
			};
			name = Debug;
		};
		FF8248242932679F0048BDE6 /* Release */ = {
			isa = XCBuildConfiguration;
			buildSettings = {
				ASSETCATALOG_COMPILER_APPICON_NAME = AppIcon;
				ASSETCATALOG_COMPILER_GLOBAL_ACCENT_COLOR_NAME = AccentColor;
				CODE_SIGN_STYLE = Automatic;
				CURRENT_PROJECT_VERSION = 1;
				DEVELOPMENT_TEAM = 8BB94GY59F;
				GENERATE_INFOPLIST_FILE = YES;
				INFOPLIST_FILE = "Wordle-Clone.App/Info.plist";
				INFOPLIST_KEY_UIApplicationSupportsIndirectInputEvents = YES;
				INFOPLIST_KEY_UILaunchStoryboardName = LaunchScreen;
				INFOPLIST_KEY_UIMainStoryboardFile = Main;
				INFOPLIST_KEY_UISupportedInterfaceOrientations_iPad = "UIInterfaceOrientationPortrait UIInterfaceOrientationPortraitUpsideDown UIInterfaceOrientationLandscapeLeft UIInterfaceOrientationLandscapeRight";
				INFOPLIST_KEY_UISupportedInterfaceOrientations_iPhone = "UIInterfaceOrientationPortrait UIInterfaceOrientationLandscapeLeft UIInterfaceOrientationLandscapeRight";
				LD_RUNPATH_SEARCH_PATHS = (
					"$(inherited)",
					"@executable_path/Frameworks",
				);
				MARKETING_VERSION = 1.0;
				PRODUCT_BUNDLE_IDENTIFIER = "com.DmitriiSkvortsov.Wordle-Clone-App";
				PRODUCT_NAME = "$(TARGET_NAME)";
				SWIFT_EMIT_LOC_STRINGS = YES;
				SWIFT_VERSION = 5.0;
				TARGETED_DEVICE_FAMILY = "1,2";
			};
			name = Release;
		};
/* End XCBuildConfiguration section */

/* Begin XCConfigurationList section */
		FF8248092932679D0048BDE6 /* Build configuration list for PBXProject "Wordle-Clone.App" */ = {
			isa = XCConfigurationList;
			buildConfigurations = (
				FF8248202932679F0048BDE6 /* Debug */,
				FF8248212932679F0048BDE6 /* Release */,
			);
			defaultConfigurationIsVisible = 0;
			defaultConfigurationName = Release;
		};
		FF8248222932679F0048BDE6 /* Build configuration list for PBXNativeTarget "Wordle-Clone.App" */ = {
			isa = XCConfigurationList;
			buildConfigurations = (
				FF8248232932679F0048BDE6 /* Debug */,
				FF8248242932679F0048BDE6 /* Release */,
			);
			defaultConfigurationIsVisible = 0;
			defaultConfigurationName = Release;
		};
/* End XCConfigurationList section */
	};
	rootObject = FF8248062932679D0048BDE6 /* Project object */;
}
